
Microsoft Visual Studio Solution File, Format Version 12.00
# Visual Studio Version 17
VisualStudioVersion = 17.3.32811.315
MinimumVisualStudioVersion = 10.0.40219.1
Project("{FAE04EC0-301F-11D3-BF4B-00C04F79EFBC}") = "LABORATORIO_01_EDII", "LABORATORIO_01_EDII\LABORATORIO_01_EDII.csproj", "{7E422BA0-32B0-4EF9-B9E6-ED50263B0273}"
EndProject
Project("{FAE04EC0-301F-11D3-BF4B-00C04F79EFBC}") = "Arbol", "Arbol\Arbol.csproj", "{E73A6DCC-5805-4DF6-9365-0F57022CCEE1}"
EndProject
Global
	GlobalSection(SolutionConfigurationPlatforms) = preSolution
		Debug|Any CPU = Debug|Any CPU
		Release|Any CPU = Release|Any CPU
	EndGlobalSection
	GlobalSection(ProjectConfigurationPlatforms) = postSolution
		{7E422BA0-32B0-4EF9-B9E6-ED50263B0273}.Debug|Any CPU.ActiveCfg = Debug|Any CPU
		{7E422BA0-32B0-4EF9-B9E6-ED50263B0273}.Debug|Any CPU.Build.0 = Debug|Any CPU
		{7E422BA0-32B0-4EF9-B9E6-ED50263B0273}.Release|Any CPU.ActiveCfg = Release|Any CPU
		{7E422BA0-32B0-4EF9-B9E6-ED50263B0273}.Release|Any CPU.Build.0 = Release|Any CPU
		{E73A6DCC-5805-4DF6-9365-0F57022CCEE1}.Debug|Any CPU.ActiveCfg = Debug|Any CPU
		{E73A6DCC-5805-4DF6-9365-0F57022CCEE1}.Debug|Any CPU.Build.0 = Debug|Any CPU
		{E73A6DCC-5805-4DF6-9365-0F57022CCEE1}.Release|Any CPU.ActiveCfg = Release|Any CPU
		{E73A6DCC-5805-4DF6-9365-0F57022CCEE1}.Release|Any CPU.Build.0 = Release|Any CPU
	EndGlobalSection
	GlobalSection(SolutionProperties) = preSolution
		HideSolutionNode = FALSE
	EndGlobalSection
	GlobalSection(ExtensibilityGlobals) = postSolution
		SolutionGuid = {9C89BD0A-9015-4402-916F-F3522F29ACF7}
	EndGlobalSection
EndGlobal
